
Microsoft Visual Studio Solution File, Format Version 12.00
# Visual Studio Version 17
VisualStudioVersion = 17.5.33627.172
MinimumVisualStudioVersion = 10.0.40219.1
Project("{9A19103F-16F7-4668-BE54-9A1E7A4F7556}") = "BusinessObjects", "BusinessObjects\BusinessObjects.csproj", "{BCF028EF-CAA4-4DD7-B5C9-9DFDF218CC05}"
EndProject
Project("{9A19103F-16F7-4668-BE54-9A1E7A4F7556}") = "DataAccess", "DataAccess\DataAccess.csproj", "{9F76AB86-D12B-42AF-A6B9-55CBCDB57FD0}"
EndProject
Project("{9A19103F-16F7-4668-BE54-9A1E7A4F7556}") = "PetStore2023API", "PetStore2023API\PetStore2023API.csproj", "{6ECE5FC1-B11A-4234-8D92-CECD214941F3}"
EndProject
Global
	GlobalSection(SolutionConfigurationPlatforms) = preSolution
		Debug|Any CPU = Debug|Any CPU
		Release|Any CPU = Release|Any CPU
	EndGlobalSection
	GlobalSection(ProjectConfigurationPlatforms) = postSolution
		{BCF028EF-CAA4-4DD7-B5C9-9DFDF218CC05}.Debug|Any CPU.ActiveCfg = Debug|Any CPU
		{BCF028EF-CAA4-4DD7-B5C9-9DFDF218CC05}.Debug|Any CPU.Build.0 = Debug|Any CPU
		{BCF028EF-CAA4-4DD7-B5C9-9DFDF218CC05}.Release|Any CPU.ActiveCfg = Release|Any CPU
		{BCF028EF-CAA4-4DD7-B5C9-9DFDF218CC05}.Release|Any CPU.Build.0 = Release|Any CPU
		{9F76AB86-D12B-42AF-A6B9-55CBCDB57FD0}.Debug|Any CPU.ActiveCfg = Debug|Any CPU
		{9F76AB86-D12B-42AF-A6B9-55CBCDB57FD0}.Debug|Any CPU.Build.0 = Debug|Any CPU
		{9F76AB86-D12B-42AF-A6B9-55CBCDB57FD0}.Release|Any CPU.ActiveCfg = Release|Any CPU
		{9F76AB86-D12B-42AF-A6B9-55CBCDB57FD0}.Release|Any CPU.Build.0 = Release|Any CPU
		{6ECE5FC1-B11A-4234-8D92-CECD214941F3}.Debug|Any CPU.ActiveCfg = Debug|Any CPU
		{6ECE5FC1-B11A-4234-8D92-CECD214941F3}.Debug|Any CPU.Build.0 = Debug|Any CPU
		{6ECE5FC1-B11A-4234-8D92-CECD214941F3}.Release|Any CPU.ActiveCfg = Release|Any CPU
		{6ECE5FC1-B11A-4234-8D92-CECD214941F3}.Release|Any CPU.Build.0 = Release|Any CPU
	EndGlobalSection
	GlobalSection(SolutionProperties) = preSolution
		HideSolutionNode = FALSE
	EndGlobalSection
	GlobalSection(ExtensibilityGlobals) = postSolution
		SolutionGuid = {288F132D-CE6F-49CA-A7CA-533DFEA87EDC}
	EndGlobalSection
EndGlobal
